
Microsoft Visual Studio Solution File, Format Version 12.00
# Visual Studio Version 16
VisualStudioVersion = 16.0.31515.178
MinimumVisualStudioVersion = 10.0.40219.1
Project("{FAE04EC0-301F-11D3-BF4B-00C04F79EFBC}") = "MusicApi", "MusicApi\MusicApi.csproj", "{74A1F96D-0D14-4F0D-BB60-EC9F4C780310}"
EndProject
Global
	GlobalSection(SolutionConfigurationPlatforms) = preSolution
		Debug|Any CPU = Debug|Any CPU
		Release|Any CPU = Release|Any CPU
	EndGlobalSection
	GlobalSection(ProjectConfigurationPlatforms) = postSolution
		{74A1F96D-0D14-4F0D-BB60-EC9F4C780310}.Debug|Any CPU.ActiveCfg = Debug|Any CPU
		{74A1F96D-0D14-4F0D-BB60-EC9F4C780310}.Debug|Any CPU.Build.0 = Debug|Any CPU
		{74A1F96D-0D14-4F0D-BB60-EC9F4C780310}.Release|Any CPU.ActiveCfg = Release|Any CPU
		{74A1F96D-0D14-4F0D-BB60-EC9F4C780310}.Release|Any CPU.Build.0 = Release|Any CPU
	EndGlobalSection
	GlobalSection(SolutionProperties) = preSolution
		HideSolutionNode = FALSE
	EndGlobalSection
	GlobalSection(ExtensibilityGlobals) = postSolution
		SolutionGuid = {0A6BEACF-060A-4D42-8332-3BD1CD1FB18A}
	EndGlobalSection
EndGlobal
